{
  "name": "@test-runner/default-view",
  "version": "0.3.0",
  "lockfileVersion": 1,
  "requires": true,
  "dependencies": {
    "@types/estree": {
      "version": "0.0.39",
      "resolved": "https://registry.npmjs.org/@types/estree/-/estree-0.0.39.tgz",
      "integrity": "sha512-EYNwp3bU+98cpU4lAWYYL7Zz+2gryWH1qbdDTidVd6hkiR6weksdbMadyXKXNPEkQFhXM+hVO9ZygomHXp+AIw==",
      "dev": true
    },
    "@types/node": {
      "version": "12.12.6",
      "resolved": "https://registry.npmjs.org/@types/node/-/node-12.12.6.tgz",
      "integrity": "sha512-FjsYUPzEJdGXjwKqSpE0/9QEh6kzhTAeObA54rn6j3rR4C/mzpI9L0KNfoeASSPMMdxIsoJuCLDWcM/rVjIsSA==",
      "dev": true
    },
    "acorn": {
      "version": "7.1.0",
      "resolved": "https://registry.npmjs.org/acorn/-/acorn-7.1.0.tgz",
      "integrity": "sha512-kL5CuoXA/dgxlBbVrflsflzQ3PAas7RYZB52NOm/6839iVYJgKMJ3cQJD+t2i5+qFa8h3MDpEOJiS64E8JLnSQ==",
      "dev": true
    },
    "ansi-escape-sequences": {
      "version": "5.0.0",
      "resolved": "https://registry.npmjs.org/ansi-escape-sequences/-/ansi-escape-sequences-5.0.0.tgz",
      "integrity": "sha512-ZUZPHW7xw3KVbqYXYiXIxF+AEoDQtGmbQcyQVW1sZQ4DoS0RM4iwfIMDIwToFPtR2wk031Rv7Mnb26N4QApIqA==",
      "requires": {
        "array-back": "^4.0.0"
      }
    },
    "array-back": {
      "version": "4.0.0",
      "resolved": "https://registry.npmjs.org/array-back/-/array-back-4.0.0.tgz",
      "integrity": "sha512-ylVYjv5BzoWXWO7e6fWrzjqzgxmUPWdQrHxgzo/v1EaYXfw6+6ipRdIr7KryAGnVHG08O1Yfpchuv0+YhjPL+Q=="
    },
    "composite-class": {
      "version": "1.0.0",
      "resolved": "https://registry.npmjs.org/composite-class/-/composite-class-1.0.0.tgz",
      "integrity": "sha512-WhFlThXtN1DkSWXaQBvZdnjblRWSnKYpI0rHObzQItuv1MleJ1FidaumUmTQoCtA8gaAArrU7YcJM7ncKgKdKg==",
      "dev": true
    },
    "create-mixin": {
      "version": "2.0.1",
      "resolved": "https://registry.npmjs.org/create-mixin/-/create-mixin-2.0.1.tgz",
      "integrity": "sha512-r11aTk2z5x2C9ZI85oxuZ0EzgjBH0BdGacnXeuA+9d59xV2Hsy+ZpRmU+LUjJT9KdnLgzaxZoCbqrJ5qjl0bAA==",
      "dev": true
    },
    "fsm-base": {
      "version": "0.5.0",
      "resolved": "https://registry.npmjs.org/fsm-base/-/fsm-base-0.5.0.tgz",
      "integrity": "sha512-wJIhIcGwQTSPI6aG13Lhm0G0CoggEBu8NVBWi7zLHrqqBuAXN2i6OMtOv5D/j90CkX/ht3nBA+0QzjMGS8un2w==",
      "dev": true,
      "requires": {
        "array-back": "^4.0.0",
        "obso": "^0.5.0",
        "reduce-flatten": "^3.0.0"
      }
    },
    "obso": {
      "version": "0.5.0",
      "resolved": "https://registry.npmjs.org/obso/-/obso-0.5.0.tgz",
      "integrity": "sha512-OIPLscoyq1SRCbbp6VlBWrzG+zR8T8tkic4rHuqABgTYlgqEvvzE5KclPa5sh/jy9x59en9K9JAQFa9ZV8xbVg==",
      "dev": true
    },
    "race-timeout-anywhere": {
      "version": "1.0.0",
      "resolved": "https://registry.npmjs.org/race-timeout-anywhere/-/race-timeout-anywhere-1.0.0.tgz",
      "integrity": "sha512-FwYyoKxgK/NNC7Tn2LlFpfNHemLlYOTCruUyYyEzQfkaO4iCQlGipsqOPhJvT7oGinMz707/HAnSFj98b7T4dw==",
      "dev": true
    },
    "reduce-flatten": {
      "version": "3.0.0",
      "resolved": "https://registry.npmjs.org/reduce-flatten/-/reduce-flatten-3.0.0.tgz",
      "integrity": "sha512-eczl8wAYBxJ6Egl6I1ECIF+8z6sHu+KE7BzaEDZTpPXKXfy9SUDQlVYwkRcNTjJLC3Iakxbhss50KuT/R6SYfg==",
      "dev": true
    },
    "rollup": {
      "version": "1.26.3",
      "resolved": "https://registry.npmjs.org/rollup/-/rollup-1.26.3.tgz",
      "integrity": "sha512-8MhY/M8gnv3Q/pQQSWYWzbeJ5J1C5anCNY5BK1kV8Yzw9RFS0FF4lbLt+uyPO3wLKWXSXrhAL5pWL85TZAh+Sw==",
      "dev": true,
      "requires": {
        "@types/estree": "*",
        "@types/node": "*",
        "acorn": "^7.1.0"
      }
    },
    "test-object-model": {
      "version": "0.4.7",
      "resolved": "https://registry.npmjs.org/test-object-model/-/test-object-model-0.4.7.tgz",
      "integrity": "sha512-W463hFNtk6RSO+tpStIlKT+k0Lli9noKvbaaFiRcuQJaHBPDOdJEfDnxEKqAxzB6zYy7kUgEY4o7O+1oP5KWpQ==",
      "dev": true,
      "requires": {
        "composite-class": "^1.0.0",
        "create-mixin": "^2.0.1",
        "fsm-base": "^0.5.0",
        "race-timeout-anywhere": "^1.0.0",
        "typical": "^5.2.0"
      }
    },
    "typical": {
      "version": "5.2.0",
      "resolved": "https://registry.npmjs.org/typical/-/typical-5.2.0.tgz",
      "integrity": "sha512-dvdQgNDNJo+8B2uBQoqdb11eUCE1JQXhvjC/CZtgvZseVd5TYMXnq0+vuUemXbd/Se29cTaUuPX3YIc2xgbvIg==",
      "dev": true
    }
  }
}
