{
  "name": "@test-runner/default-view",
  "version": "0.3.5",
  "lockfileVersion": 1,
  "requires": true,
  "dependencies": {
    "@types/estree": {
      "version": "0.0.39",
      "resolved": "https://registry.npmjs.org/@types/estree/-/estree-0.0.39.tgz",
      "integrity": "sha512-EYNwp3bU+98cpU4lAWYYL7Zz+2gryWH1qbdDTidVd6hkiR6weksdbMadyXKXNPEkQFhXM+hVO9ZygomHXp+AIw==",
      "dev": true
    },
    "@types/node": {
      "version": "12.12.11",
      "resolved": "https://registry.npmjs.org/@types/node/-/node-12.12.11.tgz",
      "integrity": "sha512-O+x6uIpa6oMNTkPuHDa9MhMMehlxLAd5QcOvKRjAFsBVpeFWTOPnXbDvILvFgFFZfQ1xh1EZi1FbXxUix+zpsQ==",
      "dev": true
    },
    "acorn": {
      "version": "7.1.0",
      "resolved": "https://registry.npmjs.org/acorn/-/acorn-7.1.0.tgz",
      "integrity": "sha512-kL5CuoXA/dgxlBbVrflsflzQ3PAas7RYZB52NOm/6839iVYJgKMJ3cQJD+t2i5+qFa8h3MDpEOJiS64E8JLnSQ==",
      "dev": true
    },
    "ansi-escape-sequences": {
      "version": "5.1.2",
      "resolved": "https://registry.npmjs.org/ansi-escape-sequences/-/ansi-escape-sequences-5.1.2.tgz",
      "integrity": "sha512-JcpoVp1W1bl1Qn4cVuiXEhD6+dyXKSOgCn2zlzE8inYgCJCBy1aPnUhlz6I4DFum8D4ovb9Qi/iAjUcGvG2lqw==",
      "requires": {
        "array-back": "^4.0.0"
      }
    },
    "array-back": {
      "version": "4.0.1",
      "resolved": "https://registry.npmjs.org/array-back/-/array-back-4.0.1.tgz",
      "integrity": "sha512-Z/JnaVEXv+A9xabHzN43FiiiWEE7gPCRXMrVmRm00tWbjZRul1iHm7ECzlyNq1p4a4ATXz+G9FJ3GqGOkOV3fg=="
    },
    "composite-class": {
      "version": "2.0.0",
      "resolved": "https://registry.npmjs.org/composite-class/-/composite-class-2.0.0.tgz",
      "integrity": "sha512-w812SnapTRsQFlKUiD1ALXt8BiYO9N0+ZNJupnP0GECVMWFGrkpowLI96f7hQJ3VJ5yzJd5FLf5RdpM8HAUWAA==",
      "dev": true
    },
    "create-mixin": {
      "version": "3.0.0",
      "resolved": "https://registry.npmjs.org/create-mixin/-/create-mixin-3.0.0.tgz",
      "integrity": "sha512-LkdMqnWT9LaqBN4huqpUnMz56Yr1mVSoCduAd2xXefgH/YZP2sXCMAyztXjk4q8hTF/TlcDa+zQW2aTgGdjjKQ==",
      "dev": true
    },
    "fsm-base": {
      "version": "0.5.2",
      "resolved": "https://registry.npmjs.org/fsm-base/-/fsm-base-0.5.2.tgz",
      "integrity": "sha512-qgDuXQm8RtVPAOpEATHeoZmsd/4TKpojJCfVdzLMA0ljcd/OXKUwl2Yw34qF4Ac75YXuVvy435cWmqDay97tNg==",
      "dev": true,
      "requires": {
        "array-back": "^4.0.1",
        "obso": "^0.5.1",
        "reduce-flatten": "^3.0.0"
      }
    },
    "obso": {
      "version": "0.5.1",
      "resolved": "https://registry.npmjs.org/obso/-/obso-0.5.1.tgz",
      "integrity": "sha512-vZrAJKfqvetPds83z0OUmgYk/vSDTMCutrM7ku7LT3Rx3pGxaxhnh+5YxG88SZSDDkLIqJ55E6t5LcgNlxX77g==",
      "dev": true
    },
    "race-timeout-anywhere": {
      "version": "1.0.1",
      "resolved": "https://registry.npmjs.org/race-timeout-anywhere/-/race-timeout-anywhere-1.0.1.tgz",
      "integrity": "sha512-b6fA5IQTjzf6X8QgmTg5F1xJlnMLYc8EQKrwrZQN5dfOBxcXsWzurdNHcEmFtOT23iiCzi+XA4ZFazdaZEoVCQ==",
      "dev": true
    },
    "reduce-flatten": {
      "version": "3.0.0",
      "resolved": "https://registry.npmjs.org/reduce-flatten/-/reduce-flatten-3.0.0.tgz",
      "integrity": "sha512-eczl8wAYBxJ6Egl6I1ECIF+8z6sHu+KE7BzaEDZTpPXKXfy9SUDQlVYwkRcNTjJLC3Iakxbhss50KuT/R6SYfg==",
      "dev": true
    },
    "rollup": {
      "version": "1.27.3",
      "resolved": "https://registry.npmjs.org/rollup/-/rollup-1.27.3.tgz",
      "integrity": "sha512-79AEh4m5NPCz97GTuIoXpSFIMPyk2AiqVQp040baSRPXk/I4YMGt5/CR9GX5oEYEkxwBZoWLheaS1/w/FidfJw==",
      "dev": true,
      "requires": {
        "@types/estree": "*",
        "@types/node": "*",
        "acorn": "^7.1.0"
      }
    },
    "test-object-model": {
      "version": "0.5.2",
      "resolved": "https://registry.npmjs.org/test-object-model/-/test-object-model-0.5.2.tgz",
      "integrity": "sha512-JscCzpvWOUpduEimvrlE9K5KfzIO1ZkWXIC/d8FEF8QIThZNHKcjpDhTNJhkbRqMnTyfOO3x19Si+pvXHkHkmA==",
      "dev": true,
      "requires": {
        "composite-class": "^2.0.0",
        "create-mixin": "^3.0.0",
        "fsm-base": "^0.5.2",
        "race-timeout-anywhere": "^1.0.1",
        "typical": "^6.0.0"
      }
    },
    "typical": {
      "version": "6.0.0",
      "resolved": "https://registry.npmjs.org/typical/-/typical-6.0.0.tgz",
      "integrity": "sha512-bTTHXOq5E2HgNQiWCyE/Qlw3hPZN+mYB0nUfIAKIeH+pYu+j1BLVyARiD2Ezfh62vug4/qDEk89ELbsvqv5L2Q==",
      "dev": true
    }
  }
}
