{
  "name": "@test-runner/default-view",
  "version": "0.5.4",
  "lockfileVersion": 1,
  "requires": true,
  "dependencies": {
    "@types/estree": {
      "version": "0.0.40",
      "resolved": "https://registry.npmjs.org/@types/estree/-/estree-0.0.40.tgz",
      "integrity": "sha512-p3KZgMto/JyxosKGmnLDJ/dG5wf+qTRMUjHJcspC2oQKa4jP7mz+tv0ND56lLBu3ojHlhzY33Ol+khLyNmilkA==",
      "dev": true
    },
    "@types/node": {
      "version": "12.12.14",
      "resolved": "https://registry.npmjs.org/@types/node/-/node-12.12.14.tgz",
      "integrity": "sha512-u/SJDyXwuihpwjXy7hOOghagLEV1KdAST6syfnOk6QZAMzZuWZqXy5aYYZbh8Jdpd4escVFP0MvftHNDb9pruA==",
      "dev": true
    },
    "acorn": {
      "version": "7.1.0",
      "resolved": "https://registry.npmjs.org/acorn/-/acorn-7.1.0.tgz",
      "integrity": "sha512-kL5CuoXA/dgxlBbVrflsflzQ3PAas7RYZB52NOm/6839iVYJgKMJ3cQJD+t2i5+qFa8h3MDpEOJiS64E8JLnSQ==",
      "dev": true
    },
    "ansi-escape-sequences": {
      "version": "5.1.2",
      "resolved": "https://registry.npmjs.org/ansi-escape-sequences/-/ansi-escape-sequences-5.1.2.tgz",
      "integrity": "sha512-JcpoVp1W1bl1Qn4cVuiXEhD6+dyXKSOgCn2zlzE8inYgCJCBy1aPnUhlz6I4DFum8D4ovb9Qi/iAjUcGvG2lqw==",
      "requires": {
        "array-back": "^4.0.0"
      }
    },
    "array-back": {
      "version": "4.0.1",
      "resolved": "https://registry.npmjs.org/array-back/-/array-back-4.0.1.tgz",
      "integrity": "sha512-Z/JnaVEXv+A9xabHzN43FiiiWEE7gPCRXMrVmRm00tWbjZRul1iHm7ECzlyNq1p4a4ATXz+G9FJ3GqGOkOV3fg=="
    },
    "composite-class": {
      "version": "2.0.1",
      "resolved": "https://registry.npmjs.org/composite-class/-/composite-class-2.0.1.tgz",
      "integrity": "sha512-zEUaKe0wIkAMonjQPZPm4w7aylosaMjqGpHynYT2V05q02I93CWfBxp3kV2iB7anvc/aDvCJN36FzFco3c788A==",
      "dev": true
    },
    "create-mixin": {
      "version": "3.0.0",
      "resolved": "https://registry.npmjs.org/create-mixin/-/create-mixin-3.0.0.tgz",
      "integrity": "sha512-LkdMqnWT9LaqBN4huqpUnMz56Yr1mVSoCduAd2xXefgH/YZP2sXCMAyztXjk4q8hTF/TlcDa+zQW2aTgGdjjKQ==",
      "dev": true
    },
    "fsm-base": {
      "version": "0.5.2",
      "resolved": "https://registry.npmjs.org/fsm-base/-/fsm-base-0.5.2.tgz",
      "integrity": "sha512-qgDuXQm8RtVPAOpEATHeoZmsd/4TKpojJCfVdzLMA0ljcd/OXKUwl2Yw34qF4Ac75YXuVvy435cWmqDay97tNg==",
      "dev": true,
      "requires": {
        "array-back": "^4.0.1",
        "obso": "^0.5.1",
        "reduce-flatten": "^3.0.0"
      }
    },
    "obso": {
      "version": "0.5.1",
      "resolved": "https://registry.npmjs.org/obso/-/obso-0.5.1.tgz",
      "integrity": "sha512-vZrAJKfqvetPds83z0OUmgYk/vSDTMCutrM7ku7LT3Rx3pGxaxhnh+5YxG88SZSDDkLIqJ55E6t5LcgNlxX77g==",
      "dev": true
    },
    "race-timeout-anywhere": {
      "version": "1.0.1",
      "resolved": "https://registry.npmjs.org/race-timeout-anywhere/-/race-timeout-anywhere-1.0.1.tgz",
      "integrity": "sha512-b6fA5IQTjzf6X8QgmTg5F1xJlnMLYc8EQKrwrZQN5dfOBxcXsWzurdNHcEmFtOT23iiCzi+XA4ZFazdaZEoVCQ==",
      "dev": true
    },
    "reduce-flatten": {
      "version": "3.0.0",
      "resolved": "https://registry.npmjs.org/reduce-flatten/-/reduce-flatten-3.0.0.tgz",
      "integrity": "sha512-eczl8wAYBxJ6Egl6I1ECIF+8z6sHu+KE7BzaEDZTpPXKXfy9SUDQlVYwkRcNTjJLC3Iakxbhss50KuT/R6SYfg==",
      "dev": true
    },
    "rollup": {
      "version": "1.27.8",
      "resolved": "https://registry.npmjs.org/rollup/-/rollup-1.27.8.tgz",
      "integrity": "sha512-EVoEV5rAWl+5clnGznt1KY8PeVkzVQh/R0d2s3gHEkN7gfoyC4JmvIVuCtPbYE8NM5Ep/g+nAmvKXBjzaqTsHA==",
      "dev": true,
      "requires": {
        "@types/estree": "*",
        "@types/node": "*",
        "acorn": "^7.1.0"
      }
    },
    "test-object-model": {
      "version": "0.5.10",
      "resolved": "https://registry.npmjs.org/test-object-model/-/test-object-model-0.5.10.tgz",
      "integrity": "sha512-iupC7ywvosmh0Ab5ihjgLtGYMyrKqA5WIxq2h9fglJ+1fW932wDV+bA9m7COm4Af3Ip/SkRC4vhGJm2mEj4qvA==",
      "dev": true,
      "requires": {
        "composite-class": "^2.0.1",
        "create-mixin": "^3.0.0",
        "fsm-base": "^0.5.2",
        "race-timeout-anywhere": "^1.0.1",
        "typical": "^6.0.0"
      }
    },
    "typical": {
      "version": "6.0.0",
      "resolved": "https://registry.npmjs.org/typical/-/typical-6.0.0.tgz",
      "integrity": "sha512-bTTHXOq5E2HgNQiWCyE/Qlw3hPZN+mYB0nUfIAKIeH+pYu+j1BLVyARiD2Ezfh62vug4/qDEk89ELbsvqv5L2Q==",
      "dev": true
    }
  }
}
